
Microsoft Visual Studio Solution File, Format Version 12.00
# Visual Studio 15
VisualStudioVersion = 15.0.26430.12
MinimumVisualStudioVersion = 10.0.40219.1
Project("{FAE04EC0-301F-11D3-BF4B-00C04F79EFBC}") = "Calculateur_age", "Calculateur_age\Calculateur_age.csproj", "{330D5078-3CA7-4BCD-8F10-2A6FE3D1B1DA}"
EndProject
Global
	GlobalSection(SolutionConfigurationPlatforms) = preSolution
		Debug|Any CPU = Debug|Any CPU
		Release|Any CPU = Release|Any CPU
	EndGlobalSection
	GlobalSection(ProjectConfigurationPlatforms) = postSolution
		{330D5078-3CA7-4BCD-8F10-2A6FE3D1B1DA}.Debug|Any CPU.ActiveCfg = Debug|Any CPU
		{330D5078-3CA7-4BCD-8F10-2A6FE3D1B1DA}.Debug|Any CPU.Build.0 = Debug|Any CPU
		{330D5078-3CA7-4BCD-8F10-2A6FE3D1B1DA}.Release|Any CPU.ActiveCfg = Release|Any CPU
		{330D5078-3CA7-4BCD-8F10-2A6FE3D1B1DA}.Release|Any CPU.Build.0 = Release|Any CPU
	EndGlobalSection
	GlobalSection(SolutionProperties) = preSolution
		HideSolutionNode = FALSE
	EndGlobalSection
EndGlobal
